
Microsoft Visual Studio Solution File, Format Version 12.00
# Visual Studio Version 17
VisualStudioVersion = 17.3.32929.385
MinimumVisualStudioVersion = 10.0.40219.1
Project("{FAE04EC0-301F-11D3-BF4B-00C04F79EFBC}") = "CRUD APP", "CRUD APP\CRUD APP.csproj", "{5F41A235-728E-435F-9747-607864AFEC15}"
EndProject
Global
	GlobalSection(SolutionConfigurationPlatforms) = preSolution
		Debug|Any CPU = Debug|Any CPU
		Release|Any CPU = Release|Any CPU
	EndGlobalSection
	GlobalSection(ProjectConfigurationPlatforms) = postSolution
		{5F41A235-728E-435F-9747-607864AFEC15}.Debug|Any CPU.ActiveCfg = Debug|Any CPU
		{5F41A235-728E-435F-9747-607864AFEC15}.Debug|Any CPU.Build.0 = Debug|Any CPU
		{5F41A235-728E-435F-9747-607864AFEC15}.Release|Any CPU.ActiveCfg = Release|Any CPU
		{5F41A235-728E-435F-9747-607864AFEC15}.Release|Any CPU.Build.0 = Release|Any CPU
	EndGlobalSection
	GlobalSection(SolutionProperties) = preSolution
		HideSolutionNode = FALSE
	EndGlobalSection
	GlobalSection(ExtensibilityGlobals) = postSolution
		SolutionGuid = {79FEF1C3-D46F-450A-A3FD-F9AB7522BA27}
	EndGlobalSection
EndGlobal
